
Microsoft Visual Studio Solution File, Format Version 12.00
# Visual Studio Version 17
VisualStudioVersion = 17.11.35327.3
MinimumVisualStudioVersion = 10.0.40219.1
Project("{FAE04EC0-301F-11D3-BF4B-00C04F79EFBC}") = "Loggeo", "Loggeo\Loggeo.csproj", "{EE835E3A-766D-49F1-8FD6-703BB1081451}"
EndProject
Global
	GlobalSection(SolutionConfigurationPlatforms) = preSolution
		Debug|Any CPU = Debug|Any CPU
		Release|Any CPU = Release|Any CPU
	EndGlobalSection
	GlobalSection(ProjectConfigurationPlatforms) = postSolution
		{EE835E3A-766D-49F1-8FD6-703BB1081451}.Debug|Any CPU.ActiveCfg = Debug|Any CPU
		{EE835E3A-766D-49F1-8FD6-703BB1081451}.Debug|Any CPU.Build.0 = Debug|Any CPU
		{EE835E3A-766D-49F1-8FD6-703BB1081451}.Release|Any CPU.ActiveCfg = Release|Any CPU
		{EE835E3A-766D-49F1-8FD6-703BB1081451}.Release|Any CPU.Build.0 = Release|Any CPU
	EndGlobalSection
	GlobalSection(SolutionProperties) = preSolution
		HideSolutionNode = FALSE
	EndGlobalSection
	GlobalSection(ExtensibilityGlobals) = postSolution
		SolutionGuid = {930563F3-DB9D-461D-9F69-181C4AA1BB6A}
	EndGlobalSection
EndGlobal
